
Microsoft Visual Studio Solution File, Format Version 12.00
# Visual Studio Version 16
VisualStudioVersion = 16.0.31112.23
MinimumVisualStudioVersion = 10.0.40219.1
Project("{FAE04EC0-301F-11D3-BF4B-00C04F79EFBC}") = "AirController", "AirController\AirController.csproj", "{A218622A-B2E8-4973-AEB9-A03C071B1EBC}"
EndProject
Global
	GlobalSection(SolutionConfigurationPlatforms) = preSolution
		Debug|Any CPU = Debug|Any CPU
		Release|Any CPU = Release|Any CPU
	EndGlobalSection
	GlobalSection(ProjectConfigurationPlatforms) = postSolution
		{A218622A-B2E8-4973-AEB9-A03C071B1EBC}.Debug|Any CPU.ActiveCfg = Debug|Any CPU
		{A218622A-B2E8-4973-AEB9-A03C071B1EBC}.Debug|Any CPU.Build.0 = Debug|Any CPU
		{A218622A-B2E8-4973-AEB9-A03C071B1EBC}.Release|Any CPU.ActiveCfg = Release|Any CPU
		{A218622A-B2E8-4973-AEB9-A03C071B1EBC}.Release|Any CPU.Build.0 = Release|Any CPU
	EndGlobalSection
	GlobalSection(SolutionProperties) = preSolution
		HideSolutionNode = FALSE
	EndGlobalSection
	GlobalSection(ExtensibilityGlobals) = postSolution
		SolutionGuid = {D9D403B0-F5CF-4993-BA9C-C388FE78B33A}
	EndGlobalSection
EndGlobal
